
Microsoft Visual Studio Solution File, Format Version 12.00
# Visual Studio Version 16
VisualStudioVersion = 16.0.31702.278
MinimumVisualStudioVersion = 10.0.40219.1
Project("{FAE04EC0-301F-11D3-BF4B-00C04F79EFBC}") = "WebApplicationFirst", "WebApplicationFirst\WebApplicationFirst.csproj", "{EEFC13A4-4E04-4C69-BB42-B3E5E91E463F}"
EndProject
Global
	GlobalSection(SolutionConfigurationPlatforms) = preSolution
		Debug|Any CPU = Debug|Any CPU
		Release|Any CPU = Release|Any CPU
	EndGlobalSection
	GlobalSection(ProjectConfigurationPlatforms) = postSolution
		{EEFC13A4-4E04-4C69-BB42-B3E5E91E463F}.Debug|Any CPU.ActiveCfg = Debug|Any CPU
		{EEFC13A4-4E04-4C69-BB42-B3E5E91E463F}.Debug|Any CPU.Build.0 = Debug|Any CPU
		{EEFC13A4-4E04-4C69-BB42-B3E5E91E463F}.Release|Any CPU.ActiveCfg = Release|Any CPU
		{EEFC13A4-4E04-4C69-BB42-B3E5E91E463F}.Release|Any CPU.Build.0 = Release|Any CPU
	EndGlobalSection
	GlobalSection(SolutionProperties) = preSolution
		HideSolutionNode = FALSE
	EndGlobalSection
	GlobalSection(ExtensibilityGlobals) = postSolution
		SolutionGuid = {15EE1F0D-2C1B-425E-9733-2EAE59077816}
	EndGlobalSection
EndGlobal
